
Microsoft Visual Studio Solution File, Format Version 12.00
# Visual Studio 2013
VisualStudioVersion = 12.0.31101.0
MinimumVisualStudioVersion = 10.0.40219.1
Project("{8BC9CEB8-8B4A-11D0-8D11-00A0C91BC942}") = "Launcher", "Launcher\Launcher.vcxproj", "{656DFC0D-1568-4127-801B-398A231648B7}"
	ProjectSection(ProjectDependencies) = postProject
		{1C83A803-4D79-4C5F-8A81-FA8BB6D98647} = {1C83A803-4D79-4C5F-8A81-FA8BB6D98647}
		{C9F9CB03-F91D-4B0C-8243-CC6B21A20CD4} = {C9F9CB03-F91D-4B0C-8243-CC6B21A20CD4}
		{28D5CA1A-BE0D-4FAE-9A72-D877B8AD4E34} = {28D5CA1A-BE0D-4FAE-9A72-D877B8AD4E34}
		{40E6611E-B92D-47CD-AC70-3DB28D638DDE} = {40E6611E-B92D-47CD-AC70-3DB28D638DDE}
		{5E619733-A82C-4636-8E65-F4B85D1B2363} = {5E619733-A82C-4636-8E65-F4B85D1B2363}
		{055DA04D-8D22-4A4E-8F1D-63D85844E25C} = {055DA04D-8D22-4A4E-8F1D-63D85844E25C}
		{60B5A868-5B32-48EC-8C7E-EAEBC40690C3} = {60B5A868-5B32-48EC-8C7E-EAEBC40690C3}
	EndProjectSection
EndProject
Project("{8BC9CEB8-8B4A-11D0-8D11-00A0C91BC942}") = "RebGame", "RebGame\RebGame.vcxproj", "{40E6611E-B92D-47CD-AC70-3DB28D638DDE}"
	ProjectSection(ProjectDependencies) = postProject
		{1C83A803-4D79-4C5F-8A81-FA8BB6D98647} = {1C83A803-4D79-4C5F-8A81-FA8BB6D98647}
		{C9F9CB03-F91D-4B0C-8243-CC6B21A20CD4} = {C9F9CB03-F91D-4B0C-8243-CC6B21A20CD4}
		{28D5CA1A-BE0D-4FAE-9A72-D877B8AD4E34} = {28D5CA1A-BE0D-4FAE-9A72-D877B8AD4E34}
		{5E619733-A82C-4636-8E65-F4B85D1B2363} = {5E619733-A82C-4636-8E65-F4B85D1B2363}
		{055DA04D-8D22-4A4E-8F1D-63D85844E25C} = {055DA04D-8D22-4A4E-8F1D-63D85844E25C}
		{60B5A868-5B32-48EC-8C7E-EAEBC40690C3} = {60B5A868-5B32-48EC-8C7E-EAEBC40690C3}
	EndProjectSection
EndProject
Project("{8BC9CEB8-8B4A-11D0-8D11-00A0C91BC942}") = "RebSupport", "RebSupport\RebSupport.vcxproj", "{28D5CA1A-BE0D-4FAE-9A72-D877B8AD4E34}"
EndProject
Project("{8BC9CEB8-8B4A-11D0-8D11-00A0C91BC942}") = "Reb3D", "Reb3D\Reb3D.vcxproj", "{1C83A803-4D79-4C5F-8A81-FA8BB6D98647}"
EndProject
Project("{8BC9CEB8-8B4A-11D0-8D11-00A0C91BC942}") = "RebWindow", "RebWindow\RebWindow.vcxproj", "{60B5A868-5B32-48EC-8C7E-EAEBC40690C3}"
EndProject
Project("{8BC9CEB8-8B4A-11D0-8D11-00A0C91BC942}") = "RebGL", "RebGL\RebGL.vcxproj", "{C9F9CB03-F91D-4B0C-8243-CC6B21A20CD4}"
	ProjectSection(ProjectDependencies) = postProject
		{1C83A803-4D79-4C5F-8A81-FA8BB6D98647} = {1C83A803-4D79-4C5F-8A81-FA8BB6D98647}
		{28D5CA1A-BE0D-4FAE-9A72-D877B8AD4E34} = {28D5CA1A-BE0D-4FAE-9A72-D877B8AD4E34}
		{60B5A868-5B32-48EC-8C7E-EAEBC40690C3} = {60B5A868-5B32-48EC-8C7E-EAEBC40690C3}
	EndProjectSection
EndProject
Project("{8BC9CEB8-8B4A-11D0-8D11-00A0C91BC942}") = "RebAudio", "RebAudio\RebAudio.vcxproj", "{5E619733-A82C-4636-8E65-F4B85D1B2363}"
	ProjectSection(ProjectDependencies) = postProject
		{1C83A803-4D79-4C5F-8A81-FA8BB6D98647} = {1C83A803-4D79-4C5F-8A81-FA8BB6D98647}
		{28D5CA1A-BE0D-4FAE-9A72-D877B8AD4E34} = {28D5CA1A-BE0D-4FAE-9A72-D877B8AD4E34}
	EndProjectSection
EndProject
Project("{8BC9CEB8-8B4A-11D0-8D11-00A0C91BC942}") = "RebEntitySystem", "RebEntitySystem\RebEntitySystem.vcxproj", "{055DA04D-8D22-4A4E-8F1D-63D85844E25C}"
	ProjectSection(ProjectDependencies) = postProject
		{1C83A803-4D79-4C5F-8A81-FA8BB6D98647} = {1C83A803-4D79-4C5F-8A81-FA8BB6D98647}
		{28D5CA1A-BE0D-4FAE-9A72-D877B8AD4E34} = {28D5CA1A-BE0D-4FAE-9A72-D877B8AD4E34}
	EndProjectSection
EndProject
Global
	GlobalSection(SolutionConfigurationPlatforms) = preSolution
		Debug|Win32 = Debug|Win32
		Release|Win32 = Release|Win32
	EndGlobalSection
	GlobalSection(ProjectConfigurationPlatforms) = postSolution
		{656DFC0D-1568-4127-801B-398A231648B7}.Debug|Win32.ActiveCfg = Debug|Win32
		{656DFC0D-1568-4127-801B-398A231648B7}.Debug|Win32.Build.0 = Debug|Win32
		{656DFC0D-1568-4127-801B-398A231648B7}.Release|Win32.ActiveCfg = Release|Win32
		{656DFC0D-1568-4127-801B-398A231648B7}.Release|Win32.Build.0 = Release|Win32
		{40E6611E-B92D-47CD-AC70-3DB28D638DDE}.Debug|Win32.ActiveCfg = Debug|Win32
		{40E6611E-B92D-47CD-AC70-3DB28D638DDE}.Debug|Win32.Build.0 = Debug|Win32
		{40E6611E-B92D-47CD-AC70-3DB28D638DDE}.Release|Win32.ActiveCfg = Release|Win32
		{40E6611E-B92D-47CD-AC70-3DB28D638DDE}.Release|Win32.Build.0 = Release|Win32
		{28D5CA1A-BE0D-4FAE-9A72-D877B8AD4E34}.Debug|Win32.ActiveCfg = Debug|Win32
		{28D5CA1A-BE0D-4FAE-9A72-D877B8AD4E34}.Debug|Win32.Build.0 = Debug|Win32
		{28D5CA1A-BE0D-4FAE-9A72-D877B8AD4E34}.Release|Win32.ActiveCfg = Release|Win32
		{28D5CA1A-BE0D-4FAE-9A72-D877B8AD4E34}.Release|Win32.Build.0 = Release|Win32
		{1C83A803-4D79-4C5F-8A81-FA8BB6D98647}.Debug|Win32.ActiveCfg = Debug|Win32
		{1C83A803-4D79-4C5F-8A81-FA8BB6D98647}.Debug|Win32.Build.0 = Debug|Win32
		{1C83A803-4D79-4C5F-8A81-FA8BB6D98647}.Release|Win32.ActiveCfg = Release|Win32
		{1C83A803-4D79-4C5F-8A81-FA8BB6D98647}.Release|Win32.Build.0 = Release|Win32
		{60B5A868-5B32-48EC-8C7E-EAEBC40690C3}.Debug|Win32.ActiveCfg = Debug|Win32
		{60B5A868-5B32-48EC-8C7E-EAEBC40690C3}.Debug|Win32.Build.0 = Debug|Win32
		{60B5A868-5B32-48EC-8C7E-EAEBC40690C3}.Release|Win32.ActiveCfg = Release|Win32
		{60B5A868-5B32-48EC-8C7E-EAEBC40690C3}.Release|Win32.Build.0 = Release|Win32
		{C9F9CB03-F91D-4B0C-8243-CC6B21A20CD4}.Debug|Win32.ActiveCfg = Debug|Win32
		{C9F9CB03-F91D-4B0C-8243-CC6B21A20CD4}.Debug|Win32.Build.0 = Debug|Win32
		{C9F9CB03-F91D-4B0C-8243-CC6B21A20CD4}.Release|Win32.ActiveCfg = Release|Win32
		{C9F9CB03-F91D-4B0C-8243-CC6B21A20CD4}.Release|Win32.Build.0 = Release|Win32
		{5E619733-A82C-4636-8E65-F4B85D1B2363}.Debug|Win32.ActiveCfg = Debug|Win32
		{5E619733-A82C-4636-8E65-F4B85D1B2363}.Debug|Win32.Build.0 = Debug|Win32
		{5E619733-A82C-4636-8E65-F4B85D1B2363}.Release|Win32.ActiveCfg = Release|Win32
		{5E619733-A82C-4636-8E65-F4B85D1B2363}.Release|Win32.Build.0 = Release|Win32
		{055DA04D-8D22-4A4E-8F1D-63D85844E25C}.Debug|Win32.ActiveCfg = Debug|Win32
		{055DA04D-8D22-4A4E-8F1D-63D85844E25C}.Debug|Win32.Build.0 = Debug|Win32
		{055DA04D-8D22-4A4E-8F1D-63D85844E25C}.Release|Win32.ActiveCfg = Release|Win32
		{055DA04D-8D22-4A4E-8F1D-63D85844E25C}.Release|Win32.Build.0 = Release|Win32
	EndGlobalSection
	GlobalSection(SolutionProperties) = preSolution
		HideSolutionNode = FALSE
	EndGlobalSection
EndGlobal
