
Microsoft Visual Studio Solution File, Format Version 12.00
# Visual Studio 14
VisualStudioVersion = 14.0.24720.0
MinimumVisualStudioVersion = 10.0.40219.1
Project("{8BC9CEB8-8B4A-11D0-8D11-00A0C91BC942}") = "Launcher", "Launcher\Launcher.vcxproj", "{656DFC0D-1568-4127-801B-398A231648B7}"
	ProjectSection(ProjectDependencies) = postProject
		{1C83A803-4D79-4C5F-8A81-FA8BB6D98647} = {1C83A803-4D79-4C5F-8A81-FA8BB6D98647}
		{C9F9CB03-F91D-4B0C-8243-CC6B21A20CD4} = {C9F9CB03-F91D-4B0C-8243-CC6B21A20CD4}
		{28D5CA1A-BE0D-4FAE-9A72-D877B8AD4E34} = {28D5CA1A-BE0D-4FAE-9A72-D877B8AD4E34}
		{40E6611E-B92D-47CD-AC70-3DB28D638DDE} = {40E6611E-B92D-47CD-AC70-3DB28D638DDE}
		{5E619733-A82C-4636-8E65-F4B85D1B2363} = {5E619733-A82C-4636-8E65-F4B85D1B2363}
		{60B5A868-5B32-48EC-8C7E-EAEBC40690C3} = {60B5A868-5B32-48EC-8C7E-EAEBC40690C3}
		{77C277B2-A110-47EE-981C-20496A7044E2} = {77C277B2-A110-47EE-981C-20496A7044E2}
		{FC166EDC-8B85-492F-9851-E10F18D76EA2} = {FC166EDC-8B85-492F-9851-E10F18D76EA2}
		{FB2EB1F9-1D4B-4E7B-8B06-3CB891E52DFB} = {FB2EB1F9-1D4B-4E7B-8B06-3CB891E52DFB}
	EndProjectSection
EndProject
Project("{8BC9CEB8-8B4A-11D0-8D11-00A0C91BC942}") = "RebGame", "RebGame\RebGame.vcxproj", "{40E6611E-B92D-47CD-AC70-3DB28D638DDE}"
	ProjectSection(ProjectDependencies) = postProject
		{1C83A803-4D79-4C5F-8A81-FA8BB6D98647} = {1C83A803-4D79-4C5F-8A81-FA8BB6D98647}
		{C9F9CB03-F91D-4B0C-8243-CC6B21A20CD4} = {C9F9CB03-F91D-4B0C-8243-CC6B21A20CD4}
		{28D5CA1A-BE0D-4FAE-9A72-D877B8AD4E34} = {28D5CA1A-BE0D-4FAE-9A72-D877B8AD4E34}
		{5E619733-A82C-4636-8E65-F4B85D1B2363} = {5E619733-A82C-4636-8E65-F4B85D1B2363}
		{60B5A868-5B32-48EC-8C7E-EAEBC40690C3} = {60B5A868-5B32-48EC-8C7E-EAEBC40690C3}
		{77C277B2-A110-47EE-981C-20496A7044E2} = {77C277B2-A110-47EE-981C-20496A7044E2}
		{FB2EB1F9-1D4B-4E7B-8B06-3CB891E52DFB} = {FB2EB1F9-1D4B-4E7B-8B06-3CB891E52DFB}
	EndProjectSection
EndProject
Project("{8BC9CEB8-8B4A-11D0-8D11-00A0C91BC942}") = "RebSupport", "RebSupport\RebSupport.vcxproj", "{28D5CA1A-BE0D-4FAE-9A72-D877B8AD4E34}"
EndProject
Project("{8BC9CEB8-8B4A-11D0-8D11-00A0C91BC942}") = "Reb3D", "Reb3D\Reb3D.vcxproj", "{1C83A803-4D79-4C5F-8A81-FA8BB6D98647}"
EndProject
Project("{8BC9CEB8-8B4A-11D0-8D11-00A0C91BC942}") = "RebWindow", "RebWindow\RebWindow.vcxproj", "{60B5A868-5B32-48EC-8C7E-EAEBC40690C3}"
EndProject
Project("{8BC9CEB8-8B4A-11D0-8D11-00A0C91BC942}") = "RebGL", "RebGL\RebGL.vcxproj", "{C9F9CB03-F91D-4B0C-8243-CC6B21A20CD4}"
	ProjectSection(ProjectDependencies) = postProject
		{1C83A803-4D79-4C5F-8A81-FA8BB6D98647} = {1C83A803-4D79-4C5F-8A81-FA8BB6D98647}
		{28D5CA1A-BE0D-4FAE-9A72-D877B8AD4E34} = {28D5CA1A-BE0D-4FAE-9A72-D877B8AD4E34}
		{60B5A868-5B32-48EC-8C7E-EAEBC40690C3} = {60B5A868-5B32-48EC-8C7E-EAEBC40690C3}
	EndProjectSection
EndProject
Project("{8BC9CEB8-8B4A-11D0-8D11-00A0C91BC942}") = "RebAudio", "RebAudio\RebAudio.vcxproj", "{5E619733-A82C-4636-8E65-F4B85D1B2363}"
	ProjectSection(ProjectDependencies) = postProject
		{1C83A803-4D79-4C5F-8A81-FA8BB6D98647} = {1C83A803-4D79-4C5F-8A81-FA8BB6D98647}
		{28D5CA1A-BE0D-4FAE-9A72-D877B8AD4E34} = {28D5CA1A-BE0D-4FAE-9A72-D877B8AD4E34}
	EndProjectSection
EndProject
Project("{8BC9CEB8-8B4A-11D0-8D11-00A0C91BC942}") = "RebEntitySystem", "RebEntitySystem\RebEntitySystem.vcxproj", "{055DA04D-8D22-4A4E-8F1D-63D85844E25C}"
	ProjectSection(ProjectDependencies) = postProject
		{1C83A803-4D79-4C5F-8A81-FA8BB6D98647} = {1C83A803-4D79-4C5F-8A81-FA8BB6D98647}
		{28D5CA1A-BE0D-4FAE-9A72-D877B8AD4E34} = {28D5CA1A-BE0D-4FAE-9A72-D877B8AD4E34}
	EndProjectSection
EndProject
Project("{8BC9CEB8-8B4A-11D0-8D11-00A0C91BC942}") = "RebGameLogic", "RebGameLogic\RebGameLogic.vcxproj", "{FC166EDC-8B85-492F-9851-E10F18D76EA2}"
EndProject
Project("{FAE04EC0-301F-11D3-BF4B-00C04F79EFBC}") = "Editor", "Editor\Editor.csproj", "{883FD809-D357-4560-A2CA-7B867F0B4E3E}"
EndProject
Project("{8BC9CEB8-8B4A-11D0-8D11-00A0C91BC942}") = "EditorDLL", "EditorDLL\EditorDLL.vcxproj", "{52D6325C-4073-446C-A053-FA9F0D8CF06A}"
EndProject
Project("{8BC9CEB8-8B4A-11D0-8D11-00A0C91BC942}") = "Rimba", "Rimba\Rimba.vcxproj", "{FB2EB1F9-1D4B-4E7B-8B06-3CB891E52DFB}"
	ProjectSection(ProjectDependencies) = postProject
		{C9F9CB03-F91D-4B0C-8243-CC6B21A20CD4} = {C9F9CB03-F91D-4B0C-8243-CC6B21A20CD4}
		{28D5CA1A-BE0D-4FAE-9A72-D877B8AD4E34} = {28D5CA1A-BE0D-4FAE-9A72-D877B8AD4E34}
		{77C277B2-A110-47EE-981C-20496A7044E2} = {77C277B2-A110-47EE-981C-20496A7044E2}
	EndProjectSection
EndProject
Project("{8BC9CEB8-8B4A-11D0-8D11-00A0C91BC942}") = "RebWAEM", "RebWAEM\RebWAEM.vcxproj", "{77C277B2-A110-47EE-981C-20496A7044E2}"
EndProject
Global
	GlobalSection(SolutionConfigurationPlatforms) = preSolution
		Debug|Any CPU = Debug|Any CPU
		Debug|Win32 = Debug|Win32
		Debug|x64 = Debug|x64
		Release|Any CPU = Release|Any CPU
		Release|Win32 = Release|Win32
		Release|x64 = Release|x64
	EndGlobalSection
	GlobalSection(ProjectConfigurationPlatforms) = postSolution
		{656DFC0D-1568-4127-801B-398A231648B7}.Debug|Any CPU.ActiveCfg = Debug|Win32
		{656DFC0D-1568-4127-801B-398A231648B7}.Debug|Win32.ActiveCfg = Debug|Win32
		{656DFC0D-1568-4127-801B-398A231648B7}.Debug|Win32.Build.0 = Debug|Win32
		{656DFC0D-1568-4127-801B-398A231648B7}.Debug|x64.ActiveCfg = Debug|Win32
		{656DFC0D-1568-4127-801B-398A231648B7}.Release|Any CPU.ActiveCfg = Release|Win32
		{656DFC0D-1568-4127-801B-398A231648B7}.Release|Win32.ActiveCfg = Release|Win32
		{656DFC0D-1568-4127-801B-398A231648B7}.Release|Win32.Build.0 = Release|Win32
		{656DFC0D-1568-4127-801B-398A231648B7}.Release|x64.ActiveCfg = Release|Win32
		{40E6611E-B92D-47CD-AC70-3DB28D638DDE}.Debug|Any CPU.ActiveCfg = Debug|Win32
		{40E6611E-B92D-47CD-AC70-3DB28D638DDE}.Debug|Win32.ActiveCfg = Debug|Win32
		{40E6611E-B92D-47CD-AC70-3DB28D638DDE}.Debug|Win32.Build.0 = Debug|Win32
		{40E6611E-B92D-47CD-AC70-3DB28D638DDE}.Debug|x64.ActiveCfg = Debug|Win32
		{40E6611E-B92D-47CD-AC70-3DB28D638DDE}.Release|Any CPU.ActiveCfg = Release|Win32
		{40E6611E-B92D-47CD-AC70-3DB28D638DDE}.Release|Win32.ActiveCfg = Release|Win32
		{40E6611E-B92D-47CD-AC70-3DB28D638DDE}.Release|Win32.Build.0 = Release|Win32
		{40E6611E-B92D-47CD-AC70-3DB28D638DDE}.Release|x64.ActiveCfg = Release|Win32
		{28D5CA1A-BE0D-4FAE-9A72-D877B8AD4E34}.Debug|Any CPU.ActiveCfg = Debug|Win32
		{28D5CA1A-BE0D-4FAE-9A72-D877B8AD4E34}.Debug|Win32.ActiveCfg = Debug|Win32
		{28D5CA1A-BE0D-4FAE-9A72-D877B8AD4E34}.Debug|Win32.Build.0 = Debug|Win32
		{28D5CA1A-BE0D-4FAE-9A72-D877B8AD4E34}.Debug|x64.ActiveCfg = Debug|Win32
		{28D5CA1A-BE0D-4FAE-9A72-D877B8AD4E34}.Release|Any CPU.ActiveCfg = Release|Win32
		{28D5CA1A-BE0D-4FAE-9A72-D877B8AD4E34}.Release|Win32.ActiveCfg = Release|Win32
		{28D5CA1A-BE0D-4FAE-9A72-D877B8AD4E34}.Release|Win32.Build.0 = Release|Win32
		{28D5CA1A-BE0D-4FAE-9A72-D877B8AD4E34}.Release|x64.ActiveCfg = Release|Win32
		{1C83A803-4D79-4C5F-8A81-FA8BB6D98647}.Debug|Any CPU.ActiveCfg = Debug|Win32
		{1C83A803-4D79-4C5F-8A81-FA8BB6D98647}.Debug|Win32.ActiveCfg = Debug|Win32
		{1C83A803-4D79-4C5F-8A81-FA8BB6D98647}.Debug|Win32.Build.0 = Debug|Win32
		{1C83A803-4D79-4C5F-8A81-FA8BB6D98647}.Debug|x64.ActiveCfg = Debug|Win32
		{1C83A803-4D79-4C5F-8A81-FA8BB6D98647}.Release|Any CPU.ActiveCfg = Release|Win32
		{1C83A803-4D79-4C5F-8A81-FA8BB6D98647}.Release|Win32.ActiveCfg = Release|Win32
		{1C83A803-4D79-4C5F-8A81-FA8BB6D98647}.Release|Win32.Build.0 = Release|Win32
		{1C83A803-4D79-4C5F-8A81-FA8BB6D98647}.Release|x64.ActiveCfg = Release|Win32
		{60B5A868-5B32-48EC-8C7E-EAEBC40690C3}.Debug|Any CPU.ActiveCfg = Debug|Win32
		{60B5A868-5B32-48EC-8C7E-EAEBC40690C3}.Debug|Win32.ActiveCfg = Debug|Win32
		{60B5A868-5B32-48EC-8C7E-EAEBC40690C3}.Debug|Win32.Build.0 = Debug|Win32
		{60B5A868-5B32-48EC-8C7E-EAEBC40690C3}.Debug|x64.ActiveCfg = Debug|Win32
		{60B5A868-5B32-48EC-8C7E-EAEBC40690C3}.Release|Any CPU.ActiveCfg = Release|Win32
		{60B5A868-5B32-48EC-8C7E-EAEBC40690C3}.Release|Win32.ActiveCfg = Release|Win32
		{60B5A868-5B32-48EC-8C7E-EAEBC40690C3}.Release|Win32.Build.0 = Release|Win32
		{60B5A868-5B32-48EC-8C7E-EAEBC40690C3}.Release|x64.ActiveCfg = Release|Win32
		{C9F9CB03-F91D-4B0C-8243-CC6B21A20CD4}.Debug|Any CPU.ActiveCfg = Debug|Win32
		{C9F9CB03-F91D-4B0C-8243-CC6B21A20CD4}.Debug|Win32.ActiveCfg = Debug|Win32
		{C9F9CB03-F91D-4B0C-8243-CC6B21A20CD4}.Debug|Win32.Build.0 = Debug|Win32
		{C9F9CB03-F91D-4B0C-8243-CC6B21A20CD4}.Debug|x64.ActiveCfg = Debug|Win32
		{C9F9CB03-F91D-4B0C-8243-CC6B21A20CD4}.Release|Any CPU.ActiveCfg = Release|Win32
		{C9F9CB03-F91D-4B0C-8243-CC6B21A20CD4}.Release|Win32.ActiveCfg = Release|Win32
		{C9F9CB03-F91D-4B0C-8243-CC6B21A20CD4}.Release|Win32.Build.0 = Release|Win32
		{C9F9CB03-F91D-4B0C-8243-CC6B21A20CD4}.Release|x64.ActiveCfg = Release|Win32
		{5E619733-A82C-4636-8E65-F4B85D1B2363}.Debug|Any CPU.ActiveCfg = Debug|Win32
		{5E619733-A82C-4636-8E65-F4B85D1B2363}.Debug|Win32.ActiveCfg = Debug|Win32
		{5E619733-A82C-4636-8E65-F4B85D1B2363}.Debug|Win32.Build.0 = Debug|Win32
		{5E619733-A82C-4636-8E65-F4B85D1B2363}.Debug|x64.ActiveCfg = Debug|Win32
		{5E619733-A82C-4636-8E65-F4B85D1B2363}.Release|Any CPU.ActiveCfg = Release|Win32
		{5E619733-A82C-4636-8E65-F4B85D1B2363}.Release|Win32.ActiveCfg = Release|Win32
		{5E619733-A82C-4636-8E65-F4B85D1B2363}.Release|Win32.Build.0 = Release|Win32
		{5E619733-A82C-4636-8E65-F4B85D1B2363}.Release|x64.ActiveCfg = Release|Win32
		{055DA04D-8D22-4A4E-8F1D-63D85844E25C}.Debug|Any CPU.ActiveCfg = Debug|Win32
		{055DA04D-8D22-4A4E-8F1D-63D85844E25C}.Debug|Win32.ActiveCfg = Debug|Win32
		{055DA04D-8D22-4A4E-8F1D-63D85844E25C}.Debug|Win32.Build.0 = Debug|Win32
		{055DA04D-8D22-4A4E-8F1D-63D85844E25C}.Debug|x64.ActiveCfg = Debug|Win32
		{055DA04D-8D22-4A4E-8F1D-63D85844E25C}.Release|Any CPU.ActiveCfg = Release|Win32
		{055DA04D-8D22-4A4E-8F1D-63D85844E25C}.Release|Win32.ActiveCfg = Release|Win32
		{055DA04D-8D22-4A4E-8F1D-63D85844E25C}.Release|Win32.Build.0 = Release|Win32
		{055DA04D-8D22-4A4E-8F1D-63D85844E25C}.Release|x64.ActiveCfg = Release|Win32
		{FC166EDC-8B85-492F-9851-E10F18D76EA2}.Debug|Any CPU.ActiveCfg = Debug|Win32
		{FC166EDC-8B85-492F-9851-E10F18D76EA2}.Debug|Win32.ActiveCfg = Debug|Win32
		{FC166EDC-8B85-492F-9851-E10F18D76EA2}.Debug|Win32.Build.0 = Debug|Win32
		{FC166EDC-8B85-492F-9851-E10F18D76EA2}.Debug|x64.ActiveCfg = Debug|Win32
		{FC166EDC-8B85-492F-9851-E10F18D76EA2}.Release|Any CPU.ActiveCfg = Release|Win32
		{FC166EDC-8B85-492F-9851-E10F18D76EA2}.Release|Win32.ActiveCfg = Release|Win32
		{FC166EDC-8B85-492F-9851-E10F18D76EA2}.Release|Win32.Build.0 = Release|Win32
		{FC166EDC-8B85-492F-9851-E10F18D76EA2}.Release|x64.ActiveCfg = Release|Win32
		{883FD809-D357-4560-A2CA-7B867F0B4E3E}.Debug|Any CPU.ActiveCfg = Debug|Any CPU
		{883FD809-D357-4560-A2CA-7B867F0B4E3E}.Debug|Any CPU.Build.0 = Debug|Any CPU
		{883FD809-D357-4560-A2CA-7B867F0B4E3E}.Debug|Win32.ActiveCfg = Debug|Any CPU
		{883FD809-D357-4560-A2CA-7B867F0B4E3E}.Debug|Win32.Build.0 = Debug|Any CPU
		{883FD809-D357-4560-A2CA-7B867F0B4E3E}.Debug|x64.ActiveCfg = Debug|Any CPU
		{883FD809-D357-4560-A2CA-7B867F0B4E3E}.Debug|x64.Build.0 = Debug|Any CPU
		{883FD809-D357-4560-A2CA-7B867F0B4E3E}.Release|Any CPU.ActiveCfg = Release|Any CPU
		{883FD809-D357-4560-A2CA-7B867F0B4E3E}.Release|Any CPU.Build.0 = Release|Any CPU
		{883FD809-D357-4560-A2CA-7B867F0B4E3E}.Release|Win32.ActiveCfg = Release|Any CPU
		{883FD809-D357-4560-A2CA-7B867F0B4E3E}.Release|Win32.Build.0 = Release|Any CPU
		{883FD809-D357-4560-A2CA-7B867F0B4E3E}.Release|x64.ActiveCfg = Release|Any CPU
		{883FD809-D357-4560-A2CA-7B867F0B4E3E}.Release|x64.Build.0 = Release|Any CPU
		{52D6325C-4073-446C-A053-FA9F0D8CF06A}.Debug|Any CPU.ActiveCfg = Debug|Win32
		{52D6325C-4073-446C-A053-FA9F0D8CF06A}.Debug|Win32.ActiveCfg = Debug|Win32
		{52D6325C-4073-446C-A053-FA9F0D8CF06A}.Debug|Win32.Build.0 = Debug|Win32
		{52D6325C-4073-446C-A053-FA9F0D8CF06A}.Debug|x64.ActiveCfg = Debug|x64
		{52D6325C-4073-446C-A053-FA9F0D8CF06A}.Debug|x64.Build.0 = Debug|x64
		{52D6325C-4073-446C-A053-FA9F0D8CF06A}.Release|Any CPU.ActiveCfg = Release|Win32
		{52D6325C-4073-446C-A053-FA9F0D8CF06A}.Release|Win32.ActiveCfg = Release|Win32
		{52D6325C-4073-446C-A053-FA9F0D8CF06A}.Release|Win32.Build.0 = Release|Win32
		{52D6325C-4073-446C-A053-FA9F0D8CF06A}.Release|x64.ActiveCfg = Release|x64
		{52D6325C-4073-446C-A053-FA9F0D8CF06A}.Release|x64.Build.0 = Release|x64
		{FB2EB1F9-1D4B-4E7B-8B06-3CB891E52DFB}.Debug|Any CPU.ActiveCfg = Debug|Win32
		{FB2EB1F9-1D4B-4E7B-8B06-3CB891E52DFB}.Debug|Win32.ActiveCfg = Debug|Win32
		{FB2EB1F9-1D4B-4E7B-8B06-3CB891E52DFB}.Debug|Win32.Build.0 = Debug|Win32
		{FB2EB1F9-1D4B-4E7B-8B06-3CB891E52DFB}.Debug|x64.ActiveCfg = Debug|x64
		{FB2EB1F9-1D4B-4E7B-8B06-3CB891E52DFB}.Debug|x64.Build.0 = Debug|x64
		{FB2EB1F9-1D4B-4E7B-8B06-3CB891E52DFB}.Release|Any CPU.ActiveCfg = Release|Win32
		{FB2EB1F9-1D4B-4E7B-8B06-3CB891E52DFB}.Release|Win32.ActiveCfg = Release|Win32
		{FB2EB1F9-1D4B-4E7B-8B06-3CB891E52DFB}.Release|Win32.Build.0 = Release|Win32
		{FB2EB1F9-1D4B-4E7B-8B06-3CB891E52DFB}.Release|x64.ActiveCfg = Release|x64
		{FB2EB1F9-1D4B-4E7B-8B06-3CB891E52DFB}.Release|x64.Build.0 = Release|x64
		{77C277B2-A110-47EE-981C-20496A7044E2}.Debug|Any CPU.ActiveCfg = Debug|Win32
		{77C277B2-A110-47EE-981C-20496A7044E2}.Debug|Win32.ActiveCfg = Debug|Win32
		{77C277B2-A110-47EE-981C-20496A7044E2}.Debug|Win32.Build.0 = Debug|Win32
		{77C277B2-A110-47EE-981C-20496A7044E2}.Debug|x64.ActiveCfg = Debug|x64
		{77C277B2-A110-47EE-981C-20496A7044E2}.Debug|x64.Build.0 = Debug|x64
		{77C277B2-A110-47EE-981C-20496A7044E2}.Release|Any CPU.ActiveCfg = Release|Win32
		{77C277B2-A110-47EE-981C-20496A7044E2}.Release|Win32.ActiveCfg = Release|Win32
		{77C277B2-A110-47EE-981C-20496A7044E2}.Release|Win32.Build.0 = Release|Win32
		{77C277B2-A110-47EE-981C-20496A7044E2}.Release|x64.ActiveCfg = Release|x64
		{77C277B2-A110-47EE-981C-20496A7044E2}.Release|x64.Build.0 = Release|x64
	EndGlobalSection
	GlobalSection(SolutionProperties) = preSolution
		HideSolutionNode = FALSE
	EndGlobalSection
EndGlobal
