<?xml version="1.0" encoding="utf-8"?>
<Project ToolsVersion="4.0" xmlns="http://schemas.microsoft.com/developer/msbuild/2003">
  <ItemGroup>
    <Filter Include="Source Files">
      <UniqueIdentifier>{4FC737F1-C7A5-4376-A066-2A32D752A2FF}</UniqueIdentifier>
      <Extensions>cpp;c;cc;cxx;def;odl;idl;hpj;bat;asm;asmx</Extensions>
    </Filter>
    <Filter Include="Header Files">
      <UniqueIdentifier>{93995380-89BD-4b04-88EB-625FBE52EBFB}</UniqueIdentifier>
      <Extensions>h;hh;hpp;hxx;hm;inl;inc;xsd</Extensions>
    </Filter>
    <Filter Include="Resource Files">
      <UniqueIdentifier>{67DA6AB6-F800-4c08-8B7A-83BB121AAD01}</UniqueIdentifier>
      <Extensions>rc;ico;cur;bmp;dlg;rc2;rct;bin;rgs;gif;jpg;jpeg;jpe;resx;tiff;tif;png;wav;mfcribbon-ms</Extensions>
    </Filter>
    <Filter Include="RebPyModules">
      <UniqueIdentifier>{85932d45-900e-4a67-86dc-b318c8f08a5c}</UniqueIdentifier>
    </Filter>
    <Filter Include="RebPyModules\Reb3D">
      <UniqueIdentifier>{3b6e4c80-1daa-4dc5-9dcf-9f771a6b3eae}</UniqueIdentifier>
    </Filter>
    <Filter Include="RebPyModules\RebGL">
      <UniqueIdentifier>{29788646-af02-4cb5-b47d-7cc7c49604cd}</UniqueIdentifier>
    </Filter>
    <Filter Include="RebPyModules\RebWAEM">
      <UniqueIdentifier>{65d6b051-d7f2-4d47-b874-f11ce17e16d1}</UniqueIdentifier>
    </Filter>
  </ItemGroup>
  <ItemGroup>
    <ClInclude Include="RebGameLogic.h">
      <Filter>Header Files</Filter>
    </ClInclude>
    <ClInclude Include="RebFlowGraph.h">
      <Filter>Header Files</Filter>
    </ClInclude>
    <ClInclude Include="RebFlowGraphSystem.h">
      <Filter>Header Files</Filter>
    </ClInclude>
    <ClInclude Include="RebScriptManager.h">
      <Filter>Header Files</Filter>
    </ClInclude>
    <ClInclude Include="RPSTL\RPM_Reb3D.h">
      <Filter>RebPyModules\Reb3D</Filter>
    </ClInclude>
    <ClInclude Include="RPSTL\RPM_RebGL.h">
      <Filter>RebPyModules\RebGL</Filter>
    </ClInclude>
    <ClInclude Include="RPSTL\RPM_RebWAEM.h">
      <Filter>RebPyModules\RebWAEM</Filter>
    </ClInclude>
    <ClInclude Include="RPSTL\RPM_Globals.h">
      <Filter>RebPyModules</Filter>
    </ClInclude>
  </ItemGroup>
  <ItemGroup>
    <ClCompile Include="RebScriptManager.cpp">
      <Filter>Source Files</Filter>
    </ClCompile>
    <ClCompile Include="RebGameLogic.cpp">
      <Filter>Source Files</Filter>
    </ClCompile>
    <ClCompile Include="RPSTL\RPM_Reb3D.cpp">
      <Filter>RebPyModules\Reb3D</Filter>
    </ClCompile>
    <ClCompile Include="RPSTL\RPM_RebGL.cpp">
      <Filter>RebPyModules\RebGL</Filter>
    </ClCompile>
    <ClCompile Include="RPSTL\RPM_RebWAEM.cpp">
      <Filter>RebPyModules\RebWAEM</Filter>
    </ClCompile>
    <ClCompile Include="RPSTL\RPM_Globals.cpp">
      <Filter>RebPyModules</Filter>
    </ClCompile>
  </ItemGroup>
</Project>